
Microsoft Visual Studio Solution File, Format Version 12.00
# Visual Studio Version 17
VisualStudioVersion = 17.11.35312.102
MinimumVisualStudioVersion = 10.0.40219.1
Project("{FAE04EC0-301F-11D3-BF4B-00C04F79EFBC}") = "NZWalks.API", "NZWalks.API\NZWalks.API.csproj", "{77E6F048-5612-4469-85BC-41D0BD6C0843}"
EndProject
Project("{FAE04EC0-301F-11D3-BF4B-00C04F79EFBC}") = "NZWalks.UI", "NZWalks.UI\NZWalks.UI.csproj", "{051F37D9-A279-4F22-BF3D-A53D8AC0814C}"
EndProject
Global
	GlobalSection(SolutionConfigurationPlatforms) = preSolution
		Debug|Any CPU = Debug|Any CPU
		Release|Any CPU = Release|Any CPU
	EndGlobalSection
	GlobalSection(ProjectConfigurationPlatforms) = postSolution
		{77E6F048-5612-4469-85BC-41D0BD6C0843}.Debug|Any CPU.ActiveCfg = Debug|Any CPU
		{77E6F048-5612-4469-85BC-41D0BD6C0843}.Debug|Any CPU.Build.0 = Debug|Any CPU
		{77E6F048-5612-4469-85BC-41D0BD6C0843}.Release|Any CPU.ActiveCfg = Release|Any CPU
		{77E6F048-5612-4469-85BC-41D0BD6C0843}.Release|Any CPU.Build.0 = Release|Any CPU
		{051F37D9-A279-4F22-BF3D-A53D8AC0814C}.Debug|Any CPU.ActiveCfg = Debug|Any CPU
		{051F37D9-A279-4F22-BF3D-A53D8AC0814C}.Debug|Any CPU.Build.0 = Debug|Any CPU
		{051F37D9-A279-4F22-BF3D-A53D8AC0814C}.Release|Any CPU.ActiveCfg = Release|Any CPU
		{051F37D9-A279-4F22-BF3D-A53D8AC0814C}.Release|Any CPU.Build.0 = Release|Any CPU
	EndGlobalSection
	GlobalSection(SolutionProperties) = preSolution
		HideSolutionNode = FALSE
	EndGlobalSection
	GlobalSection(ExtensibilityGlobals) = postSolution
		SolutionGuid = {A99657F1-EB00-436C-8822-6106E6507323}
	EndGlobalSection
EndGlobal
